
Microsoft Visual Studio Solution File, Format Version 12.00
# Visual Studio Version 16
VisualStudioVersion = 16.0.32126.315
MinimumVisualStudioVersion = 10.0.40219.1
Project("{FAE04EC0-301F-11D3-BF4B-00C04F79EFBC}") = "TaxiFinda", "TaxiFinda.csproj", "{1D075E43-A4E5-47DE-8B58-404B3E8C745B}"
EndProject
Global
	GlobalSection(SolutionConfigurationPlatforms) = preSolution
		Debug|Any CPU = Debug|Any CPU
		Release|Any CPU = Release|Any CPU
	EndGlobalSection
	GlobalSection(ProjectConfigurationPlatforms) = postSolution
		{1D075E43-A4E5-47DE-8B58-404B3E8C745B}.Debug|Any CPU.ActiveCfg = Debug|Any CPU
		{1D075E43-A4E5-47DE-8B58-404B3E8C745B}.Debug|Any CPU.Build.0 = Debug|Any CPU
		{1D075E43-A4E5-47DE-8B58-404B3E8C745B}.Release|Any CPU.ActiveCfg = Release|Any CPU
		{1D075E43-A4E5-47DE-8B58-404B3E8C745B}.Release|Any CPU.Build.0 = Release|Any CPU
	EndGlobalSection
	GlobalSection(SolutionProperties) = preSolution
		HideSolutionNode = FALSE
	EndGlobalSection
	GlobalSection(ExtensibilityGlobals) = postSolution
		SolutionGuid = {8DF36438-FC90-4274-A9C8-CA8418861017}
	EndGlobalSection
EndGlobal
